
Microsoft Visual Studio Solution File, Format Version 12.00
# Visual Studio Version 17
VisualStudioVersion = 17.7.34031.279
MinimumVisualStudioVersion = 10.0.40219.1
Project("{FAE04EC0-301F-11D3-BF4B-00C04F79EFBC}") = "SegundoForm", "SegundoForm\SegundoForm.csproj", "{BB39F767-5182-4B05-A73F-D3B67D7009EA}"
EndProject
Project("{2150E333-8FDC-42A3-9474-1A3956D46DE8}") = "Elementos de la solución", "Elementos de la solución", "{108BD75C-6976-48C5-9660-603B3C962DB4}"
EndProject
Global
	GlobalSection(SolutionConfigurationPlatforms) = preSolution
		Debug|Any CPU = Debug|Any CPU
		Release|Any CPU = Release|Any CPU
	EndGlobalSection
	GlobalSection(ProjectConfigurationPlatforms) = postSolution
		{BB39F767-5182-4B05-A73F-D3B67D7009EA}.Debug|Any CPU.ActiveCfg = Debug|Any CPU
		{BB39F767-5182-4B05-A73F-D3B67D7009EA}.Debug|Any CPU.Build.0 = Debug|Any CPU
		{BB39F767-5182-4B05-A73F-D3B67D7009EA}.Release|Any CPU.ActiveCfg = Release|Any CPU
		{BB39F767-5182-4B05-A73F-D3B67D7009EA}.Release|Any CPU.Build.0 = Release|Any CPU
	EndGlobalSection
	GlobalSection(SolutionProperties) = preSolution
		HideSolutionNode = FALSE
	EndGlobalSection
	GlobalSection(ExtensibilityGlobals) = postSolution
		SolutionGuid = {865B9365-7DFC-4CA3-BEB9-F56AB3BD4DAB}
	EndGlobalSection
EndGlobal
